Microsoft Visual Studio Solution File, Format Version 12.00
# Visual Studio Version 17
VisualStudioVersion = 17.0.31912.275
MinimumVisualStudioVersion = 10.0.40219.1
Project("{2150E333-8FDC-42A3-9474-1A3956D46DE8}") = "Solution Items", "Solution Items", "{6C42DCE4-8C67-4C22-8F06-72ECA82B1B1F}"
EndProject
Project("{9A19103F-16F7-4668-BE54-9A1E7A4F7556}") = "Notex.Core", "Notex.Core\Notex.Core.csproj", "{6D769B57-7417-4A9B-A9C6-260E8F1C3C53}"
EndProject
Project("{9A19103F-16F7-4668-BE54-9A1E7A4F7556}") = "Notex.UI", "Notex.UI\Notex.UI.csproj", "{E911DA61-9567-454D-A2B7-72B37D28B824}"
EndProject
Global
GlobalSection(SolutionConfigurationPlatforms) = preSolution
Debug|Any CPU = Debug|Any CPU
Release|Any CPU = Release|Any CPU
EndGlobalSection
GlobalSection(ProjectConfigurationPlatforms) = postSolution
{6D769B57-7417-4A9B-A9C6-260E8F1C3C53}.Debug|Any CPU.ActiveCfg = Debug|Any CPU
{6D769B57-7417-4A9B-A9C6-260E8F1C3C53}.Debug|Any CPU.Build.0 = Debug|Any CPU
{6D769B57-7417-4A9B-A9C6-260E8F1C3C53}.Release|Any CPU.ActiveCfg = Release|Any CPU
{6D769B57-7417-4A9B-A9C6-260E8F1C3C53}.Release|Any CPU.Build.0 = Release|Any CPU
{E911DA61-9567-454D-A2B7-72B37D28B824}.Debug|Any CPU.ActiveCfg = Debug|Any CPU
{E911DA61-9567-454D-A2B7-72B37D28B824}.Debug|Any CPU.Build.0 = Debug|Any CPU
{E911DA61-9567-454D-A2B7-72B37D28B824}.Release|Any CPU.ActiveCfg = Release|Any CPU
{E911DA61-9567-454D-A2B7-72B37D28B824}.Release|Any CPU.Build.0 = Release|Any CPU
EndGlobalSection
GlobalSection(SolutionProperties) = preSolution
HideSolutionNode = FALSE
EndGlobalSection
EndGlobal
